
Microsoft Visual Studio Solution File, Format Version 12.00
# Visual Studio Version 16
VisualStudioVersion = 16.0.31105.61
MinimumVisualStudioVersion = 10.0.40219.1
Project("{FAE04EC0-301F-11D3-BF4B-00C04F79EFBC}") = "LabCalculator", "LabCalculator.csproj", "{891A0A20-BF99-43FC-B413-6FA399CAEE56}"
EndProject
Global
	GlobalSection(SolutionConfigurationPlatforms) = preSolution
		Debug|Any CPU = Debug|Any CPU
		Release|Any CPU = Release|Any CPU
	EndGlobalSection
	GlobalSection(ProjectConfigurationPlatforms) = postSolution
		{891A0A20-BF99-43FC-B413-6FA399CAEE56}.Debug|Any CPU.ActiveCfg = Debug|Any CPU
		{891A0A20-BF99-43FC-B413-6FA399CAEE56}.Debug|Any CPU.Build.0 = Debug|Any CPU
		{891A0A20-BF99-43FC-B413-6FA399CAEE56}.Release|Any CPU.ActiveCfg = Release|Any CPU
		{891A0A20-BF99-43FC-B413-6FA399CAEE56}.Release|Any CPU.Build.0 = Release|Any CPU
	EndGlobalSection
	GlobalSection(SolutionProperties) = preSolution
		HideSolutionNode = FALSE
	EndGlobalSection
	GlobalSection(ExtensibilityGlobals) = postSolution
		SolutionGuid = {E7EC2347-06D6-4338-BD31-2783B4B5AC24}
	EndGlobalSection
EndGlobal
